// !$*UTF8*$!
{
	archiveVersion = 1;
	classes = {
	};
	objectVersion = 46;
	objects = {

/* Begin PBXBuildFile section */
		12920A1A7AEF4606A1605BA0 /* libPods.a in Frameworks */ = {isa = PBXBuildFile; fileRef = 3A53B4EBF42746F68232D625 /* libPods.a */; };
		B333DE5C178317B2005C7D48 /* UIKit.framework in Frameworks */ = {isa = PBXBuildFile; fileRef = B333DE5B178317B2005C7D48 /* UIKit.framework */; };
		B333DE5E178317B2005C7D48 /* Foundation.framework in Frameworks */ = {isa = PBXBuildFile; fileRef = B333DE5D178317B2005C7D48 /* Foundation.framework */; };
		B333DE60178317B2005C7D48 /* CoreGraphics.framework in Frameworks */ = {isa = PBXBuildFile; fileRef = B333DE5F178317B2005C7D48 /* CoreGraphics.framework */; };
		B333DE66178317B2005C7D48 /* InfoPlist.strings in Resources */ = {isa = PBXBuildFile; fileRef = B333DE64178317B2005C7D48 /* InfoPlist.strings */; };
		B333DE68178317B2005C7D48 /* main.m in Sources */ = {isa = PBXBuildFile; fileRef = B333DE67178317B2005C7D48 /* main.m */; };
		B333DE6C178317B2005C7D48 /* RubyShift2013AppDelegate.m in Sources */ = {isa = PBXBuildFile; fileRef = B333DE6B178317B2005C7D48 /* RubyShift2013AppDelegate.m */; };
		B333DE6E178317B2005C7D48 /* Default.png in Resources */ = {isa = PBXBuildFile; fileRef = B333DE6D178317B2005C7D48 /* Default.png */; };
		B333DE70178317B2005C7D48 /* Default@2x.png in Resources */ = {isa = PBXBuildFile; fileRef = B333DE6F178317B2005C7D48 /* Default@2x.png */; };
		B333DE72178317B2005C7D48 /* Default-568h@2x.png in Resources */ = {isa = PBXBuildFile; fileRef = B333DE71178317B2005C7D48 /* Default-568h@2x.png */; };
		B333DE75178317B2005C7D48 /* MainStoryboard_iPhone.storyboard in Resources */ = {isa = PBXBuildFile; fileRef = B333DE73178317B2005C7D48 /* MainStoryboard_iPhone.storyboard */; };
		B333DE78178317B2005C7D48 /* MainStoryboard_iPad.storyboard in Resources */ = {isa = PBXBuildFile; fileRef = B333DE76178317B2005C7D48 /* MainStoryboard_iPad.storyboard */; };
		B333DE7D178317B2005C7D48 /* first.png in Resources */ = {isa = PBXBuildFile; fileRef = B333DE7C178317B2005C7D48 /* first.png */; };
		B333DE7F178317B2005C7D48 /* first@2x.png in Resources */ = {isa = PBXBuildFile; fileRef = B333DE7E178317B2005C7D48 /* first@2x.png */; };
		B333DE84178317B2005C7D48 /* second.png in Resources */ = {isa = PBXBuildFile; fileRef = B333DE83178317B2005C7D48 /* second.png */; };
		B333DE86178317B2005C7D48 /* second@2x.png in Resources */ = {isa = PBXBuildFile; fileRef = B333DE85178317B2005C7D48 /* second@2x.png */; };
		B333DE8E178317B2005C7D48 /* SenTestingKit.framework in Frameworks */ = {isa = PBXBuildFile; fileRef = B333DE8D178317B2005C7D48 /* SenTestingKit.framework */; };
		B333DE8F178317B2005C7D48 /* UIKit.framework in Frameworks */ = {isa = PBXBuildFile; fileRef = B333DE5B178317B2005C7D48 /* UIKit.framework */; };
		B333DE90178317B2005C7D48 /* Foundation.framework in Frameworks */ = {isa = PBXBuildFile; fileRef = B333DE5D178317B2005C7D48 /* Foundation.framework */; };
		B333DE98178317B2005C7D48 /* InfoPlist.strings in Resources */ = {isa = PBXBuildFile; fileRef = B333DE96178317B2005C7D48 /* InfoPlist.strings */; };
		B333DE9B178317B2005C7D48 /* RubyShift2013Tests.m in Sources */ = {isa = PBXBuildFile; fileRef = B333DE9A178317B2005C7D48 /* RubyShift2013Tests.m */; };
		B38027C317E1158900B065D7 /* Talk.m in Sources */ = {isa = PBXBuildFile; fileRef = B38027C217E1158900B065D7 /* Talk.m */; };
		B38027C517E1179D00B065D7 /* speaker.png in Resources */ = {isa = PBXBuildFile; fileRef = B38027C417E1179D00B065D7 /* speaker.png */; };
		B3CB79D617CBEC09008F514B /* RubyShift2013.xcdatamodeld in Sources */ = {isa = PBXBuildFile; fileRef = B3CB79D417CBEC09008F514B /* RubyShift2013.xcdatamodeld */; };
		B3CB79E617CBF1B3008F514B /* RubyShift2013SpeakersViewController.m in Sources */ = {isa = PBXBuildFile; fileRef = B3CB79E517CBF1B3008F514B /* RubyShift2013SpeakersViewController.m */; };
		B3CB79E917CBF1FE008F514B /* RubyShift2013TalksViewController.m in Sources */ = {isa = PBXBuildFile; fileRef = B3CB79E817CBF1FE008F514B /* RubyShift2013TalksViewController.m */; };
		B3CB79EC17CBF225008F514B /* RubyShift2013StreamViewController.m in Sources */ = {isa = PBXBuildFile; fileRef = B3CB79EB17CBF225008F514B /* RubyShift2013StreamViewController.m */; };
		B3CB79EF17CBF388008F514B /* TalkIncrementalStore.m in Sources */ = {isa = PBXBuildFile; fileRef = B3CB79EE17CBF388008F514B /* TalkIncrementalStore.m */; };
		B3CB79F217CBF507008F514B /* TalkApiClient.m in Sources */ = {isa = PBXBuildFile; fileRef = B3CB79F117CBF507008F514B /* TalkApiClient.m */; };
		B3CB79F417CBF692008F514B /* CoreData.framework in Frameworks */ = {isa = PBXBuildFile; fileRef = B3CB79F317CBF691008F514B /* CoreData.framework */; };
		B3CB79F617CBF698008F514B /* MapKit.framework in Frameworks */ = {isa = PBXBuildFile; fileRef = B3CB79F517CBF698008F514B /* MapKit.framework */; };
		B3CB79F817CBF6A4008F514B /* CoreLocation.framework in Frameworks */ = {isa = PBXBuildFile; fileRef = B3CB79F717CBF6A4008F514B /* CoreLocation.framework */; };
		B3CB79FA17CBFA2F008F514B /* MobileCoreServices.framework in Frameworks */ = {isa = PBXBuildFile; fileRef = B3CB79F917CBFA2F008F514B /* MobileCoreServices.framework */; };
		B3CB79FC17CBFA36008F514B /* SystemConfiguration.framework in Frameworks */ = {isa = PBXBuildFile; fileRef = B3CB79FB17CBFA36008F514B /* SystemConfiguration.framework */; };
		B3D966F917D32CB300525FED /* StreamTableViewCell.m in Sources */ = {isa = PBXBuildFile; fileRef = B3D966F817D32CB300525FED /* StreamTableViewCell.m */; };
		B3E3DBE117E0C36F0096C5AF /* Speaker.m in Sources */ = {isa = PBXBuildFile; fileRef = B3E3DBE017E0C36F0096C5AF /* Speaker.m */; };
/* End PBXBuildFile section */

/* Begin PBXContainerItemProxy section */
		B333DE91178317B2005C7D48 /* PBXContainerItemProxy */ = {
			isa = PBXContainerItemProxy;
			containerPortal = B333DE50178317B2005C7D48 /* Project object */;
			proxyType = 1;
			remoteGlobalIDString = B333DE57178317B2005C7D48;
			remoteInfo = RubyShift2013;
		};
/* End PBXContainerItemProxy section */

/* Begin PBXFileReference section */
		3A53B4EBF42746F68232D625 /* libPods.a */ = {isa = PBXFileReference; explicitFileType = archive.ar; includeInIndex = 0; path = libPods.a; sourceTree = BUILT_PRODUCTS_DIR; };
		B333DE58178317B2005C7D48 /* RubyShift2013.app */ = {isa = PBXFileReference; explicitFileType = wrapper.application; includeInIndex = 0; path = RubyShift2013.app; sourceTree = BUILT_PRODUCTS_DIR; };
		B333DE5B178317B2005C7D48 /* UIKit.framework */ = {isa = PBXFileReference; lastKnownFileType = wrapper.framework; name = UIKit.framework; path = System/Library/Frameworks/UIKit.framework; sourceTree = SDKROOT; };
		B333DE5D178317B2005C7D48 /* Foundation.framework */ = {isa = PBXFileReference; lastKnownFileType = wrapper.framework; name = Foundation.framework; path = System/Library/Frameworks/Foundation.framework; sourceTree = SDKROOT; };
		B333DE5F178317B2005C7D48 /* CoreGraphics.framework */ = {isa = PBXFileReference; lastKnownFileType = wrapper.framework; name = CoreGraphics.framework; path = System/Library/Frameworks/CoreGraphics.framework; sourceTree = SDKROOT; };
		B333DE63178317B2005C7D48 /* RubyShift2013-Info.plist */ = {isa = PBXFileReference; lastKnownFileType = text.plist.xml; path = "RubyShift2013-Info.plist"; sourceTree = "<group>"; };
		B333DE65178317B2005C7D48 /* en */ = {isa = PBXFileReference; lastKnownFileType = text.plist.strings; name = en; path = en.lproj/InfoPlist.strings; sourceTree = "<group>"; };
		B333DE67178317B2005C7D48 /* main.m */ = {isa = PBXFileReference; lastKnownFileType = sourcecode.c.objc; path = main.m; sourceTree = "<group>"; };
		B333DE69178317B2005C7D48 /* RubyShift2013-Prefix.pch */ = {isa = PBXFileReference; lastKnownFileType = sourcecode.c.h; path = "RubyShift2013-Prefix.pch"; sourceTree = "<group>"; };
		B333DE6A178317B2005C7D48 /* RubyShift2013AppDelegate.h */ = {isa = PBXFileReference; lastKnownFileType = sourcecode.c.h; path = RubyShift2013AppDelegate.h; sourceTree = "<group>"; };
		B333DE6B178317B2005C7D48 /* RubyShift2013AppDelegate.m */ = {isa = PBXFileReference; lastKnownFileType = sourcecode.c.objc; path = RubyShift2013AppDelegate.m; sourceTree = "<group>"; };
		B333DE6D178317B2005C7D48 /* Default.png */ = {isa = PBXFileReference; lastKnownFileType = image.png; path = Default.png; sourceTree = "<group>"; };
		B333DE6F178317B2005C7D48 /* Default@2x.png */ = {isa = PBXFileReference; lastKnownFileType = image.png; path = "Default@2x.png"; sourceTree = "<group>"; };
		B333DE71178317B2005C7D48 /* Default-568h@2x.png */ = {isa = PBXFileReference; lastKnownFileType = image.png; path = "Default-568h@2x.png"; sourceTree = "<group>"; };
		B333DE74178317B2005C7D48 /* en */ = {isa = PBXFileReference; lastKnownFileType = file.storyboard; name = en; path = en.lproj/MainStoryboard_iPhone.storyboard; sourceTree = "<group>"; };
		B333DE77178317B2005C7D48 /* en */ = {isa = PBXFileReference; lastKnownFileType = file.storyboard; name = en; path = en.lproj/MainStoryboard_iPad.storyboard; sourceTree = "<group>"; };
		B333DE7C178317B2005C7D48 /* first.png */ = {isa = PBXFileReference; lastKnownFileType = image.png; path = first.png; sourceTree = "<group>"; };
		B333DE7E178317B2005C7D48 /* first@2x.png */ = {isa = PBXFileReference; lastKnownFileType = image.png; path = "first@2x.png"; sourceTree = "<group>"; };
		B333DE83178317B2005C7D48 /* second.png */ = {isa = PBXFileReference; lastKnownFileType = image.png; path = second.png; sourceTree = "<group>"; };
		B333DE85178317B2005C7D48 /* second@2x.png */ = {isa = PBXFileReference; lastKnownFileType = image.png; path = "second@2x.png"; sourceTree = "<group>"; };
		B333DE8C178317B2005C7D48 /* RubyShift2013Tests.octest */ = {isa = PBXFileReference; explicitFileType = wrapper.cfbundle; includeInIndex = 0; path = RubyShift2013Tests.octest; sourceTree = BUILT_PRODUCTS_DIR; };
		B333DE8D178317B2005C7D48 /* SenTestingKit.framework */ = {isa = PBXFileReference; lastKnownFileType = wrapper.framework; name = SenTestingKit.framework; path = Library/Frameworks/SenTestingKit.framework; sourceTree = DEVELOPER_DIR; };
		B333DE95178317B2005C7D48 /* RubyShift2013Tests-Info.plist */ = {isa = PBXFileReference; lastKnownFileType = text.plist.xml; path = "RubyShift2013Tests-Info.plist"; sourceTree = "<group>"; };
		B333DE97178317B2005C7D48 /* en */ = {isa = PBXFileReference; lastKnownFileType = text.plist.strings; name = en; path = en.lproj/InfoPlist.strings; sourceTree = "<group>"; };
		B333DE99178317B2005C7D48 /* RubyShift2013Tests.h */ = {isa = PBXFileReference; lastKnownFileType = sourcecode.c.h; path = RubyShift2013Tests.h; sourceTree = "<group>"; };
		B333DE9A178317B2005C7D48 /* RubyShift2013Tests.m */ = {isa = PBXFileReference; lastKnownFileType = sourcecode.c.objc; path = RubyShift2013Tests.m; sourceTree = "<group>"; };
		B38027C117E1158900B065D7 /* Talk.h */ = {isa = PBXFileReference; fileEncoding = 4; lastKnownFileType = sourcecode.c.h; name = Talk.h; path = Models/Talk.h; sourceTree = "<group>"; };
		B38027C217E1158900B065D7 /* Talk.m */ = {isa = PBXFileReference; fileEncoding = 4; lastKnownFileType = sourcecode.c.objc; name = Talk.m; path = Models/Talk.m; sourceTree = "<group>"; };
		B38027C417E1179D00B065D7 /* speaker.png */ = {isa = PBXFileReference; lastKnownFileType = image.png; path = speaker.png; sourceTree = "<group>"; };
		B3CB79D517CBEC09008F514B /* RubyShift2013.xcdatamodel */ = {isa = PBXFileReference; lastKnownFileType = wrapper.xcdatamodel; path = RubyShift2013.xcdatamodel; sourceTree = "<group>"; };
		B3CB79E417CBF1B3008F514B /* RubyShift2013SpeakersViewController.h */ = {isa = PBXFileReference; fileEncoding = 4; lastKnownFileType = sourcecode.c.h; name = RubyShift2013SpeakersViewController.h; path = Controllers/RubyShift2013SpeakersViewController.h; sourceTree = "<group>"; };
		B3CB79E517CBF1B3008F514B /* RubyShift2013SpeakersViewController.m */ = {isa = PBXFileReference; fileEncoding = 4; lastKnownFileType = sourcecode.c.objc; name = RubyShift2013SpeakersViewController.m; path = Controllers/RubyShift2013SpeakersViewController.m; sourceTree = "<group>"; };
		B3CB79E717CBF1FE008F514B /* RubyShift2013TalksViewController.h */ = {isa = PBXFileReference; fileEncoding = 4; lastKnownFileType = sourcecode.c.h; name = RubyShift2013TalksViewController.h; path = Controllers/RubyShift2013TalksViewController.h; sourceTree = "<group>"; };
		B3CB79E817CBF1FE008F514B /* RubyShift2013TalksViewController.m */ = {isa = PBXFileReference; fileEncoding = 4; lastKnownFileType = sourcecode.c.objc; name = RubyShift2013TalksViewController.m; path = Controllers/RubyShift2013TalksViewController.m; sourceTree = "<group>"; };
		B3CB79EA17CBF225008F514B /* RubyShift2013StreamViewController.h */ = {isa = PBXFileReference; fileEncoding = 4; lastKnownFileType = sourcecode.c.h; name = RubyShift2013StreamViewController.h; path = Controllers/RubyShift2013StreamViewController.h; sourceTree = "<group>"; };
		B3CB79EB17CBF225008F514B /* RubyShift2013StreamViewController.m */ = {isa = PBXFileReference; fileEncoding = 4; lastKnownFileType = sourcecode.c.objc; name = RubyShift2013StreamViewController.m; path = Controllers/RubyShift2013StreamViewController.m; sourceTree = "<group>"; };
		B3CB79ED17CBF388008F514B /* TalkIncrementalStore.h */ = {isa = PBXFileReference; fileEncoding = 4; lastKnownFileType = sourcecode.c.h; path = TalkIncrementalStore.h; sourceTree = "<group>"; };
		B3CB79EE17CBF388008F514B /* TalkIncrementalStore.m */ = {isa = PBXFileReference; fileEncoding = 4; lastKnownFileType = sourcecode.c.objc; path = TalkIncrementalStore.m; sourceTree = "<group>"; };
		B3CB79F017CBF507008F514B /* TalkApiClient.h */ = {isa = PBXFileReference; fileEncoding = 4; lastKnownFileType = sourcecode.c.h; path = TalkApiClient.h; sourceTree = "<group>"; };
		B3CB79F117CBF507008F514B /* TalkApiClient.m */ = {isa = PBXFileReference; fileEncoding = 4; lastKnownFileType = sourcecode.c.objc; path = TalkApiClient.m; sourceTree = "<group>"; };
		B3CB79F317CBF691008F514B /* CoreData.framework */ = {isa = PBXFileReference; lastKnownFileType = wrapper.framework; name = CoreData.framework; path = System/Library/Frameworks/CoreData.framework; sourceTree = SDKROOT; };
		B3CB79F517CBF698008F514B /* MapKit.framework */ = {isa = PBXFileReference; lastKnownFileType = wrapper.framework; name = MapKit.framework; path = System/Library/Frameworks/MapKit.framework; sourceTree = SDKROOT; };
		B3CB79F717CBF6A4008F514B /* CoreLocation.framework */ = {isa = PBXFileReference; lastKnownFileType = wrapper.framework; name = CoreLocation.framework; path = System/Library/Frameworks/CoreLocation.framework; sourceTree = SDKROOT; };
		B3CB79F917CBFA2F008F514B /* MobileCoreServices.framework */ = {isa = PBXFileReference; lastKnownFileType = wrapper.framework; name = MobileCoreServices.framework; path = System/Library/Frameworks/MobileCoreServices.framework; sourceTree = SDKROOT; };
		B3CB79FB17CBFA36008F514B /* SystemConfiguration.framework */ = {isa = PBXFileReference; lastKnownFileType = wrapper.framework; name = SystemConfiguration.framework; path = System/Library/Frameworks/SystemConfiguration.framework; sourceTree = SDKROOT; };
		B3D966F717D32CB300525FED /* StreamTableViewCell.h */ = {isa = PBXFileReference; fileEncoding = 4; lastKnownFileType = sourcecode.c.h; path = StreamTableViewCell.h; sourceTree = "<group>"; };
		B3D966F817D32CB300525FED /* StreamTableViewCell.m */ = {isa = PBXFileReference; fileEncoding = 4; lastKnownFileType = sourcecode.c.objc; path = StreamTableViewCell.m; sourceTree = "<group>"; };
		B3E3DBDF17E0C36F0096C5AF /* Speaker.h */ = {isa = PBXFileReference; fileEncoding = 4; lastKnownFileType = sourcecode.c.h; name = Speaker.h; path = Models/Speaker.h; sourceTree = "<group>"; };
		B3E3DBE017E0C36F0096C5AF /* Speaker.m */ = {isa = PBXFileReference; fileEncoding = 4; lastKnownFileType = sourcecode.c.objc; name = Speaker.m; path = Models/Speaker.m; sourceTree = "<group>"; };
		DF81A4887ED74F5F8459A563 /* Pods.xcconfig */ = {isa = PBXFileReference; includeInIndex = 1; lastKnownFileType = text.xcconfig; name = Pods.xcconfig; path = Pods/Pods.xcconfig; sourceTree = SOURCE_ROOT; };
/* End PBXFileReference section */

/* Begin PBXFrameworksBuildPhase section */
		B333DE55178317B2005C7D48 /* Frameworks */ = {
			isa = PBXFrameworksBuildPhase;
			buildActionMask = 2147483647;
			files = (
				B3CB79FC17CBFA36008F514B /* SystemConfiguration.framework in Frameworks */,
				B3CB79FA17CBFA2F008F514B /* MobileCoreServices.framework in Frameworks */,
				B3CB79F817CBF6A4008F514B /* CoreLocation.framework in Frameworks */,
				B3CB79F617CBF698008F514B /* MapKit.framework in Frameworks */,
				B3CB79F417CBF692008F514B /* CoreData.framework in Frameworks */,
				B333DE5C178317B2005C7D48 /* UIKit.framework in Frameworks */,
				B333DE5E178317B2005C7D48 /* Foundation.framework in Frameworks */,
				B333DE60178317B2005C7D48 /* CoreGraphics.framework in Frameworks */,
				12920A1A7AEF4606A1605BA0 /* libPods.a in Frameworks */,
			);
			runOnlyForDeploymentPostprocessing = 0;
		};
		B333DE88178317B2005C7D48 /* Frameworks */ = {
			isa = PBXFrameworksBuildPhase;
			buildActionMask = 2147483647;
			files = (
				B333DE8E178317B2005C7D48 /* SenTestingKit.framework in Frameworks */,
				B333DE8F178317B2005C7D48 /* UIKit.framework in Frameworks */,
				B333DE90178317B2005C7D48 /* Foundation.framework in Frameworks */,
			);
			runOnlyForDeploymentPostprocessing = 0;
		};
/* End PBXFrameworksBuildPhase section */

/* Begin PBXGroup section */
		B333DE4F178317B2005C7D48 = {
			isa = PBXGroup;
			children = (
				B333DE61178317B2005C7D48 /* RubyShift2013 */,
				B333DE93178317B2005C7D48 /* RubyShift2013Tests */,
				B333DE5A178317B2005C7D48 /* Frameworks */,
				B333DE59178317B2005C7D48 /* Products */,
				DF81A4887ED74F5F8459A563 /* Pods.xcconfig */,
			);
			sourceTree = "<group>";
		};
		B333DE59178317B2005C7D48 /* Products */ = {
			isa = PBXGroup;
			children = (
				B333DE58178317B2005C7D48 /* RubyShift2013.app */,
				B333DE8C178317B2005C7D48 /* RubyShift2013Tests.octest */,
			);
			name = Products;
			sourceTree = "<group>";
		};
		B333DE5A178317B2005C7D48 /* Frameworks */ = {
			isa = PBXGroup;
			children = (
				B3CB79FB17CBFA36008F514B /* SystemConfiguration.framework */,
				B3CB79F917CBFA2F008F514B /* MobileCoreServices.framework */,
				B3CB79F717CBF6A4008F514B /* CoreLocation.framework */,
				B3CB79F517CBF698008F514B /* MapKit.framework */,
				B3CB79F317CBF691008F514B /* CoreData.framework */,
				B333DE5B178317B2005C7D48 /* UIKit.framework */,
				B333DE5D178317B2005C7D48 /* Foundation.framework */,
				B333DE5F178317B2005C7D48 /* CoreGraphics.framework */,
				B333DE8D178317B2005C7D48 /* SenTestingKit.framework */,
				3A53B4EBF42746F68232D625 /* libPods.a */,
			);
			name = Frameworks;
			sourceTree = "<group>";
		};
		B333DE61178317B2005C7D48 /* RubyShift2013 */ = {
			isa = PBXGroup;
			children = (
				B38027C417E1179D00B065D7 /* speaker.png */,
				B3CB79E317CBF190008F514B /* Controllers */,
				B3CB79D017CBEBBB008F514B /* Models */,
				B333DE6A178317B2005C7D48 /* RubyShift2013AppDelegate.h */,
				B333DE6B178317B2005C7D48 /* RubyShift2013AppDelegate.m */,
				B333DE73178317B2005C7D48 /* MainStoryboard_iPhone.storyboard */,
				B333DE76178317B2005C7D48 /* MainStoryboard_iPad.storyboard */,
				B333DE7C178317B2005C7D48 /* first.png */,
				B333DE7E178317B2005C7D48 /* first@2x.png */,
				B333DE83178317B2005C7D48 /* second.png */,
				B333DE85178317B2005C7D48 /* second@2x.png */,
				B333DE62178317B2005C7D48 /* Supporting Files */,
				B3CB79ED17CBF388008F514B /* TalkIncrementalStore.h */,
				B3CB79EE17CBF388008F514B /* TalkIncrementalStore.m */,
				B3CB79F017CBF507008F514B /* TalkApiClient.h */,
				B3CB79F117CBF507008F514B /* TalkApiClient.m */,
				B3D966F717D32CB300525FED /* StreamTableViewCell.h */,
				B3D966F817D32CB300525FED /* StreamTableViewCell.m */,
			);
			path = RubyShift2013;
			sourceTree = "<group>";
		};
		B333DE62178317B2005C7D48 /* Supporting Files */ = {
			isa = PBXGroup;
			children = (
				B333DE63178317B2005C7D48 /* RubyShift2013-Info.plist */,
				B333DE64178317B2005C7D48 /* InfoPlist.strings */,
				B333DE67178317B2005C7D48 /* main.m */,
				B333DE69178317B2005C7D48 /* RubyShift2013-Prefix.pch */,
				B333DE6D178317B2005C7D48 /* Default.png */,
				B333DE6F178317B2005C7D48 /* Default@2x.png */,
				B333DE71178317B2005C7D48 /* Default-568h@2x.png */,
			);
			name = "Supporting Files";
			sourceTree = "<group>";
		};
		B333DE93178317B2005C7D48 /* RubyShift2013Tests */ = {
			isa = PBXGroup;
			children = (
				B333DE99178317B2005C7D48 /* RubyShift2013Tests.h */,
				B333DE9A178317B2005C7D48 /* RubyShift2013Tests.m */,
				B333DE94178317B2005C7D48 /* Supporting Files */,
			);
			path = RubyShift2013Tests;
			sourceTree = "<group>";
		};
		B333DE94178317B2005C7D48 /* Supporting Files */ = {
			isa = PBXGroup;
			children = (
				B333DE95178317B2005C7D48 /* RubyShift2013Tests-Info.plist */,
				B333DE96178317B2005C7D48 /* InfoPlist.strings */,
			);
			name = "Supporting Files";
			sourceTree = "<group>";
		};
		B3CB79D017CBEBBB008F514B /* Models */ = {
			isa = PBXGroup;
			children = (
				B3CB79D417CBEC09008F514B /* RubyShift2013.xcdatamodeld */,
				B38027C117E1158900B065D7 /* Talk.h */,
				B38027C217E1158900B065D7 /* Talk.m */,
				B3E3DBDF17E0C36F0096C5AF /* Speaker.h */,
				B3E3DBE017E0C36F0096C5AF /* Speaker.m */,
			);
			name = Models;
			sourceTree = "<group>";
		};
		B3CB79E317CBF190008F514B /* Controllers */ = {
			isa = PBXGroup;
			children = (
				B3CB79E717CBF1FE008F514B /* RubyShift2013TalksViewController.h */,
				B3CB79E817CBF1FE008F514B /* RubyShift2013TalksViewController.m */,
				B3CB79E417CBF1B3008F514B /* RubyShift2013SpeakersViewController.h */,
				B3CB79E517CBF1B3008F514B /* RubyShift2013SpeakersViewController.m */,
				B3CB79EA17CBF225008F514B /* RubyShift2013StreamViewController.h */,
				B3CB79EB17CBF225008F514B /* RubyShift2013StreamViewController.m */,
			);
			name = Controllers;
			sourceTree = "<group>";
		};
/* End PBXGroup section */

/* Begin PBXNativeTarget section */
		B333DE57178317B2005C7D48 /* RubyShift2013 */ = {
			isa = PBXNativeTarget;
			buildConfigurationList = B333DE9E178317B2005C7D48 /* Build configuration list for PBXNativeTarget "RubyShift2013" */;
			buildPhases = (
				9CF6204C784F42078627A2FF /* Check Pods Manifest.lock */,
				B333DE54178317B2005C7D48 /* Sources */,
				B333DE55178317B2005C7D48 /* Frameworks */,
				B333DE56178317B2005C7D48 /* Resources */,
				E26E62155FD44768B82F56B0 /* Copy Pods Resources */,
			);
			buildRules = (
			);
			dependencies = (
			);
			name = RubyShift2013;
			productName = RubyShift2013;
			productReference = B333DE58178317B2005C7D48 /* RubyShift2013.app */;
			productType = "com.apple.product-type.application";
		};
		B333DE8B178317B2005C7D48 /* RubyShift2013Tests */ = {
			isa = PBXNativeTarget;
			buildConfigurationList = B333DEA1178317B2005C7D48 /* Build configuration list for PBXNativeTarget "RubyShift2013Tests" */;
			buildPhases = (
				B333DE87178317B2005C7D48 /* Sources */,
				B333DE88178317B2005C7D48 /* Frameworks */,
				B333DE89178317B2005C7D48 /* Resources */,
				B333DE8A178317B2005C7D48 /* ShellScript */,
			);
			buildRules = (
			);
			dependencies = (
				B333DE92178317B2005C7D48 /* PBXTargetDependency */,
			);
			name = RubyShift2013Tests;
			productName = RubyShift2013Tests;
			productReference = B333DE8C178317B2005C7D48 /* RubyShift2013Tests.octest */;
			productType = "com.apple.product-type.bundle";
		};
/* End PBXNativeTarget section */

/* Begin PBXProject section */
		B333DE50178317B2005C7D48 /* Project object */ = {
			isa = PBXProject;
			attributes = {
				CLASSPREFIX = RubyShift2013;
				LastUpgradeCheck = 0460;
				ORGANIZATIONNAME = "Alexey Vasyliev";
			};
			buildConfigurationList = B333DE53178317B2005C7D48 /* Build configuration list for PBXProject "RubyShift2013" */;
			compatibilityVersion = "Xcode 3.2";
			developmentRegion = English;
			hasScannedForEncodings = 0;
			knownRegions = (
				en,
			);
			mainGroup = B333DE4F178317B2005C7D48;
			productRefGroup = B333DE59178317B2005C7D48 /* Products */;
			projectDirPath = "";
			projectRoot = "";
			targets = (
				B333DE57178317B2005C7D48 /* RubyShift2013 */,
				B333DE8B178317B2005C7D48 /* RubyShift2013Tests */,
			);
		};
/* End PBXProject section */

/* Begin PBXResourcesBuildPhase section */
		B333DE56178317B2005C7D48 /* Resources */ = {
			isa = PBXResourcesBuildPhase;
			buildActionMask = 2147483647;
			files = (
				B333DE66178317B2005C7D48 /* InfoPlist.strings in Resources */,
				B333DE6E178317B2005C7D48 /* Default.png in Resources */,
				B333DE70178317B2005C7D48 /* Default@2x.png in Resources */,
				B333DE72178317B2005C7D48 /* Default-568h@2x.png in Resources */,
				B333DE75178317B2005C7D48 /* MainStoryboard_iPhone.storyboard in Resources */,
				B333DE78178317B2005C7D48 /* MainStoryboard_iPad.storyboard in Resources */,
				B333DE7D178317B2005C7D48 /* first.png in Resources */,
				B333DE7F178317B2005C7D48 /* first@2x.png in Resources */,
				B333DE84178317B2005C7D48 /* second.png in Resources */,
				B333DE86178317B2005C7D48 /* second@2x.png in Resources */,
				B38027C517E1179D00B065D7 /* speaker.png in Resources */,
			);
			runOnlyForDeploymentPostprocessing = 0;
		};
		B333DE89178317B2005C7D48 /* Resources */ = {
			isa = PBXResourcesBuildPhase;
			buildActionMask = 2147483647;
			files = (
				B333DE98178317B2005C7D48 /* InfoPlist.strings in Resources */,
			);
			runOnlyForDeploymentPostprocessing = 0;
		};
/* End PBXResourcesBuildPhase section */

/* Begin PBXShellScriptBuildPhase section */
		9CF6204C784F42078627A2FF /* Check Pods Manifest.lock */ = {
			isa = PBXShellScriptBuildPhase;
			buildActionMask = 2147483647;
			files = (
			);
			inputPaths = (
			);
			name = "Check Pods Manifest.lock";
			outputPaths = (
			);
			runOnlyForDeploymentPostprocessing = 0;
			shellPath = /bin/sh;
			shellScript = "diff \"${PODS_ROOT}/../Podfile.lock\" \"${PODS_ROOT}/Manifest.lock\" > /dev/null\nif [[ $? != 0 ]] ; then\n    cat << EOM\nerror: The sandbox is not in sync with the Podfile.lock. Run 'pod install' or update your CocoaPods installation.\nEOM\n    exit 1\nfi\n";
			showEnvVarsInLog = 0;
		};
		B333DE8A178317B2005C7D48 /* ShellScript */ = {
			isa = PBXShellScriptBuildPhase;
			buildActionMask = 2147483647;
			files = (
			);
			inputPaths = (
			);
			outputPaths = (
			);
			runOnlyForDeploymentPostprocessing = 0;
			shellPath = /bin/sh;
			shellScript = "# Run the unit tests in this test bundle.\n\"${SYSTEM_DEVELOPER_DIR}/Tools/RunUnitTests\"\n";
		};
		E26E62155FD44768B82F56B0 /* Copy Pods Resources */ = {
			isa = PBXShellScriptBuildPhase;
			buildActionMask = 2147483647;
			files = (
			);
			inputPaths = (
			);
			name = "Copy Pods Resources";
			outputPaths = (
			);
			runOnlyForDeploymentPostprocessing = 0;
			shellPath = /bin/sh;
			shellScript = "\"${SRCROOT}/Pods/Pods-resources.sh\"\n";
			showEnvVarsInLog = 0;
		};
/* End PBXShellScriptBuildPhase section */

/* Begin PBXSourcesBuildPhase section */
		B333DE54178317B2005C7D48 /* Sources */ = {
			isa = PBXSourcesBuildPhase;
			buildActionMask = 2147483647;
			files = (
				B333DE68178317B2005C7D48 /* main.m in Sources */,
				B333DE6C178317B2005C7D48 /* RubyShift2013AppDelegate.m in Sources */,
				B3CB79D617CBEC09008F514B /* RubyShift2013.xcdatamodeld in Sources */,
				B3CB79E617CBF1B3008F514B /* RubyShift2013SpeakersViewController.m in Sources */,
				B3CB79E917CBF1FE008F514B /* RubyShift2013TalksViewController.m in Sources */,
				B3CB79EC17CBF225008F514B /* RubyShift2013StreamViewController.m in Sources */,
				B3CB79EF17CBF388008F514B /* TalkIncrementalStore.m in Sources */,
				B3CB79F217CBF507008F514B /* TalkApiClient.m in Sources */,
				B3D966F917D32CB300525FED /* StreamTableViewCell.m in Sources */,
				B3E3DBE117E0C36F0096C5AF /* Speaker.m in Sources */,
				B38027C317E1158900B065D7 /* Talk.m in Sources */,
			);
			runOnlyForDeploymentPostprocessing = 0;
		};
		B333DE87178317B2005C7D48 /* Sources */ = {
			isa = PBXSourcesBuildPhase;
			buildActionMask = 2147483647;
			files = (
				B333DE9B178317B2005C7D48 /* RubyShift2013Tests.m in Sources */,
			);
			runOnlyForDeploymentPostprocessing = 0;
		};
/* End PBXSourcesBuildPhase section */

/* Begin PBXTargetDependency section */
		B333DE92178317B2005C7D48 /* PBXTargetDependency */ = {
			isa = PBXTargetDependency;
			target = B333DE57178317B2005C7D48 /* RubyShift2013 */;
			targetProxy = B333DE91178317B2005C7D48 /* PBXContainerItemProxy */;
		};
/* End PBXTargetDependency section */

/* Begin PBXVariantGroup section */
		B333DE64178317B2005C7D48 /* InfoPlist.strings */ = {
			isa = PBXVariantGroup;
			children = (
				B333DE65178317B2005C7D48 /* en */,
			);
			name = InfoPlist.strings;
			sourceTree = "<group>";
		};
		B333DE73178317B2005C7D48 /* MainStoryboard_iPhone.storyboard */ = {
			isa = PBXVariantGroup;
			children = (
				B333DE74178317B2005C7D48 /* en */,
			);
			name = MainStoryboard_iPhone.storyboard;
			sourceTree = "<group>";
		};
		B333DE76178317B2005C7D48 /* MainStoryboard_iPad.storyboard */ = {
			isa = PBXVariantGroup;
			children = (
				B333DE77178317B2005C7D48 /* en */,
			);
			name = MainStoryboard_iPad.storyboard;
			sourceTree = "<group>";
		};
		B333DE96178317B2005C7D48 /* InfoPlist.strings */ = {
			isa = PBXVariantGroup;
			children = (
				B333DE97178317B2005C7D48 /* en */,
			);
			name = InfoPlist.strings;
			sourceTree = "<group>";
		};
/* End PBXVariantGroup section */

/* Begin XCBuildConfiguration section */
		B333DE9C178317B2005C7D48 /* Debug */ = {
			isa = XCBuildConfiguration;
			buildSettings = {
				ALWAYS_SEARCH_USER_PATHS = NO;
				CLANG_CXX_LANGUAGE_STANDARD = "gnu++0x";
				CLANG_CXX_LIBRARY = "libc++";
				CLANG_ENABLE_OBJC_ARC = YES;
				CLANG_WARN_CONSTANT_CONVERSION = YES;
				CLANG_WARN_EMPTY_BODY = YES;
				CLANG_WARN_ENUM_CONVERSION = YES;
				CLANG_WARN_INT_CONVERSION = YES;
				CLANG_WARN__DUPLICATE_METHOD_MATCH = YES;
				"CODE_SIGN_IDENTITY[sdk=iphoneos*]" = "iPhone Developer";
				COPY_PHASE_STRIP = NO;
				GCC_C_LANGUAGE_STANDARD = gnu99;
				GCC_DYNAMIC_NO_PIC = NO;
				GCC_OPTIMIZATION_LEVEL = 0;
				GCC_PREPROCESSOR_DEFINITIONS = (
					"DEBUG=1",
					"$(inherited)",
				);
				GCC_SYMBOLS_PRIVATE_EXTERN = NO;
				GCC_WARN_ABOUT_RETURN_TYPE = YES;
				GCC_WARN_UNINITIALIZED_AUTOS = YES;
				GCC_WARN_UNUSED_VARIABLE = YES;
				IPHONEOS_DEPLOYMENT_TARGET = 6.1;
				ONLY_ACTIVE_ARCH = YES;
				SDKROOT = iphoneos;
				TARGETED_DEVICE_FAMILY = "1,2";
			};
			name = Debug;
		};
		B333DE9D178317B2005C7D48 /* Release */ = {
			isa = XCBuildConfiguration;
			buildSettings = {
				ALWAYS_SEARCH_USER_PATHS = NO;
				CLANG_CXX_LANGUAGE_STANDARD = "gnu++0x";
				CLANG_CXX_LIBRARY = "libc++";
				CLANG_ENABLE_OBJC_ARC = YES;
				CLANG_WARN_CONSTANT_CONVERSION = YES;
				CLANG_WARN_EMPTY_BODY = YES;
				CLANG_WARN_ENUM_CONVERSION = YES;
				CLANG_WARN_INT_CONVERSION = YES;
				CLANG_WARN__DUPLICATE_METHOD_MATCH = YES;
				"CODE_SIGN_IDENTITY[sdk=iphoneos*]" = "iPhone Developer";
				COPY_PHASE_STRIP = YES;
				GCC_C_LANGUAGE_STANDARD = gnu99;
				GCC_WARN_ABOUT_RETURN_TYPE = YES;
				GCC_WARN_UNINITIALIZED_AUTOS = YES;
				GCC_WARN_UNUSED_VARIABLE = YES;
				IPHONEOS_DEPLOYMENT_TARGET = 6.1;
				OTHER_CFLAGS = "-DNS_BLOCK_ASSERTIONS=1";
				SDKROOT = iphoneos;
				TARGETED_DEVICE_FAMILY = "1,2";
				VALIDATE_PRODUCT = YES;
			};
			name = Release;
		};
		B333DE9F178317B2005C7D48 /* Debug */ = {
			isa = XCBuildConfiguration;
			baseConfigurationReference = DF81A4887ED74F5F8459A563 /* Pods.xcconfig */;
			buildSettings = {
				GCC_PRECOMPILE_PREFIX_HEADER = YES;
				GCC_PREFIX_HEADER = "RubyShift2013/RubyShift2013-Prefix.pch";
				INFOPLIST_FILE = "RubyShift2013/RubyShift2013-Info.plist";
				IPHONEOS_DEPLOYMENT_TARGET = 6.1;
				PRODUCT_NAME = "$(TARGET_NAME)";
				TARGETED_DEVICE_FAMILY = 1;
				WRAPPER_EXTENSION = app;
			};
			name = Debug;
		};
		B333DEA0178317B2005C7D48 /* Release */ = {
			isa = XCBuildConfiguration;
			baseConfigurationReference = DF81A4887ED74F5F8459A563 /* Pods.xcconfig */;
			buildSettings = {
				CODE_SIGN_IDENTITY = "";
				"CODE_SIGN_IDENTITY[sdk=iphoneos*]" = "";
				GCC_PRECOMPILE_PREFIX_HEADER = YES;
				GCC_PREFIX_HEADER = "RubyShift2013/RubyShift2013-Prefix.pch";
				INFOPLIST_FILE = "RubyShift2013/RubyShift2013-Info.plist";
				IPHONEOS_DEPLOYMENT_TARGET = 6.1;
				PRODUCT_NAME = "$(TARGET_NAME)";
				TARGETED_DEVICE_FAMILY = 1;
				WRAPPER_EXTENSION = app;
			};
			name = Release;
		};
		B333DEA2178317B2005C7D48 /* Debug */ = {
			isa = XCBuildConfiguration;
			buildSettings = {
				BUNDLE_LOADER = "$(BUILT_PRODUCTS_DIR)/RubyShift2013.app/RubyShift2013";
				FRAMEWORK_SEARCH_PATHS = (
					"\"$(SDKROOT)/Developer/Library/Frameworks\"",
					"\"$(DEVELOPER_LIBRARY_DIR)/Frameworks\"",
				);
				GCC_PRECOMPILE_PREFIX_HEADER = YES;
				GCC_PREFIX_HEADER = "RubyShift2013/RubyShift2013-Prefix.pch";
				INFOPLIST_FILE = "RubyShift2013Tests/RubyShift2013Tests-Info.plist";
				PRODUCT_NAME = "$(TARGET_NAME)";
				TEST_HOST = "$(BUNDLE_LOADER)";
				WRAPPER_EXTENSION = octest;
			};
			name = Debug;
		};
		B333DEA3178317B2005C7D48 /* Release */ = {
			isa = XCBuildConfiguration;
			buildSettings = {
				BUNDLE_LOADER = "$(BUILT_PRODUCTS_DIR)/RubyShift2013.app/RubyShift2013";
				FRAMEWORK_SEARCH_PATHS = (
					"\"$(SDKROOT)/Developer/Library/Frameworks\"",
					"\"$(DEVELOPER_LIBRARY_DIR)/Frameworks\"",
				);
				GCC_PRECOMPILE_PREFIX_HEADER = YES;
				GCC_PREFIX_HEADER = "RubyShift2013/RubyShift2013-Prefix.pch";
				INFOPLIST_FILE = "RubyShift2013Tests/RubyShift2013Tests-Info.plist";
				PRODUCT_NAME = "$(TARGET_NAME)";
				TEST_HOST = "$(BUNDLE_LOADER)";
				WRAPPER_EXTENSION = octest;
			};
			name = Release;
		};
/* End XCBuildConfiguration section */

/* Begin XCConfigurationList section */
		B333DE53178317B2005C7D48 /* Build configuration list for PBXProject "RubyShift2013" */ = {
			isa = XCConfigurationList;
			buildConfigurations = (
				B333DE9C178317B2005C7D48 /* Debug */,
				B333DE9D178317B2005C7D48 /* Release */,
			);
			defaultConfigurationIsVisible = 0;
			defaultConfigurationName = Release;
		};
		B333DE9E178317B2005C7D48 /* Build configuration list for PBXNativeTarget "RubyShift2013" */ = {
			isa = XCConfigurationList;
			buildConfigurations = (
				B333DE9F178317B2005C7D48 /* Debug */,
				B333DEA0178317B2005C7D48 /* Release */,
			);
			defaultConfigurationIsVisible = 0;
			defaultConfigurationName = Release;
		};
		B333DEA1178317B2005C7D48 /* Build configuration list for PBXNativeTarget "RubyShift2013Tests" */ = {
			isa = XCConfigurationList;
			buildConfigurations = (
				B333DEA2178317B2005C7D48 /* Debug */,
				B333DEA3178317B2005C7D48 /* Release */,
			);
			defaultConfigurationIsVisible = 0;
			defaultConfigurationName = Release;
		};
/* End XCConfigurationList section */

/* Begin XCVersionGroup section */
		B3CB79D417CBEC09008F514B /* RubyShift2013.xcdatamodeld */ = {
			isa = XCVersionGroup;
			children = (
				B3CB79D517CBEC09008F514B /* RubyShift2013.xcdatamodel */,
			);
			currentVersion = B3CB79D517CBEC09008F514B /* RubyShift2013.xcdatamodel */;
			name = RubyShift2013.xcdatamodeld;
			path = Models/RubyShift2013.xcdatamodeld;
			sourceTree = "<group>";
			versionGroupType = wrapper.xcdatamodel;
		};
/* End XCVersionGroup section */
	};
	rootObject = B333DE50178317B2005C7D48 /* Project object */;
}
